// !$*UTF8*$!
{
	archiveVersion = 1;
	classes = {
	};
	objectVersion = 50;
	objects = {

/* Begin PBXBuildFile section */
		60548B6D247DA33F0086EFE7 /* AppDelegate.swift in Sources */ = {isa = PBXBuildFile; fileRef = 60548B6C247DA33F0086EFE7 /* AppDelegate.swift */; };
		60548B71247DA33F0086EFE7 /* IOSSpartansViewController.swift in Sources */ = {isa = PBXBuildFile; fileRef = 60548B70247DA33F0086EFE7 /* IOSSpartansViewController.swift */; };
		60548B76247DA3400086EFE7 /* Assets.xcassets in Resources */ = {isa = PBXBuildFile; fileRef = 60548B75247DA3400086EFE7 /* Assets.xcassets */; };
		60548B79247DA3400086EFE7 /* LaunchScreen.storyboard in Resources */ = {isa = PBXBuildFile; fileRef = 60548B77247DA3400086EFE7 /* LaunchScreen.storyboard */; };
		60548B84247DA3400086EFE7 /* RxDemoTests.swift in Sources */ = {isa = PBXBuildFile; fileRef = 60548B83247DA3400086EFE7 /* RxDemoTests.swift */; };
		60548B94247DAD5A0086EFE7 /* RxSwift.framework.dSYM in Resources */ = {isa = PBXBuildFile; fileRef = 60548B92247DAD5A0086EFE7 /* RxSwift.framework.dSYM */; };
		60548B95247DAD5A0086EFE7 /* RxCocoa.framework.dSYM in Resources */ = {isa = PBXBuildFile; fileRef = 60548B93247DAD5A0086EFE7 /* RxCocoa.framework.dSYM */; };
		60548B98247DADF20086EFE7 /* Spartan.swift in Sources */ = {isa = PBXBuildFile; fileRef = 60548B97247DADF20086EFE7 /* Spartan.swift */; };
		60548B9B247E9A150086EFE7 /* SpartansHelper.swift in Sources */ = {isa = PBXBuildFile; fileRef = 60548B9A247E9A150086EFE7 /* SpartansHelper.swift */; };
		60548B9D247E9DE60086EFE7 /* SpartansService.swift in Sources */ = {isa = PBXBuildFile; fileRef = 60548B9C247E9DE60086EFE7 /* SpartansService.swift */; };
		60548BA0247EA0F60086EFE7 /* IOSSpartansModel.swift in Sources */ = {isa = PBXBuildFile; fileRef = 60548B9F247EA0F60086EFE7 /* IOSSpartansModel.swift */; };
		60548BA2247EAF050086EFE7 /* IOSSpartansPresenter.swift in Sources */ = {isa = PBXBuildFile; fileRef = 60548BA1247EAF050086EFE7 /* IOSSpartansPresenter.swift */; };
		60548BA4247EAF5C0086EFE7 /* SpartansView.swift in Sources */ = {isa = PBXBuildFile; fileRef = 60548BA3247EAF5C0086EFE7 /* SpartansView.swift */; };
		60548BA6247EB8290086EFE7 /* AutoResizingTableView.swift in Sources */ = {isa = PBXBuildFile; fileRef = 60548BA5247EB8290086EFE7 /* AutoResizingTableView.swift */; };
		60548BA8247EB9300086EFE7 /* SpartanTableViewCell.swift in Sources */ = {isa = PBXBuildFile; fileRef = 60548BA7247EB9300086EFE7 /* SpartanTableViewCell.swift */; };
		60548BAA247EB9B50086EFE7 /* UITableViewCell+Utility.swift in Sources */ = {isa = PBXBuildFile; fileRef = 60548BA9247EB9B50086EFE7 /* UITableViewCell+Utility.swift */; };
		60548BAC247EBCCD0086EFE7 /* Constants.swift in Sources */ = {isa = PBXBuildFile; fileRef = 60548BAB247EBCCD0086EFE7 /* Constants.swift */; };
		60548BAE247ECB8E0086EFE7 /* ErrorView.swift in Sources */ = {isa = PBXBuildFile; fileRef = 60548BAD247ECB8E0086EFE7 /* ErrorView.swift */; };
		60548BB3247EF5CF0086EFE7 /* AndroidSpartansViewController.swift in Sources */ = {isa = PBXBuildFile; fileRef = 60548BB2247EF5CF0086EFE7 /* AndroidSpartansViewController.swift */; };
		60548BB5247EF6130086EFE7 /* AndroidSpartansPresenter.swift in Sources */ = {isa = PBXBuildFile; fileRef = 60548BB4247EF6130086EFE7 /* AndroidSpartansPresenter.swift */; };
		60548BB7247EFA940086EFE7 /* SelectionViewController.swift in Sources */ = {isa = PBXBuildFile; fileRef = 60548BB6247EFA940086EFE7 /* SelectionViewController.swift */; };
		60548BB9247EFAFF0086EFE7 /* ConstraintHelpers.swift in Sources */ = {isa = PBXBuildFile; fileRef = 60548BB8247EFAFF0086EFE7 /* ConstraintHelpers.swift */; };
		60CC5E63247FEE920029AC63 /* SpartanDetailsView.swift in Sources */ = {isa = PBXBuildFile; fileRef = 60CC5E62247FEE920029AC63 /* SpartanDetailsView.swift */; };
		60CC5E65247FEEA40029AC63 /* SpartanDetailsViewController.swift in Sources */ = {isa = PBXBuildFile; fileRef = 60CC5E64247FEEA40029AC63 /* SpartanDetailsViewController.swift */; };
		60CC5E69247FFAD50029AC63 /* AndroidSpartansModel.swift in Sources */ = {isa = PBXBuildFile; fileRef = 60CC5E68247FFAD50029AC63 /* AndroidSpartansModel.swift */; };
/* End PBXBuildFile section */

/* Begin PBXContainerItemProxy section */
		60548B80247DA3400086EFE7 /* PBXContainerItemProxy */ = {
			isa = PBXContainerItemProxy;
			containerPortal = 60548B61247DA33E0086EFE7 /* Project object */;
			proxyType = 1;
			remoteGlobalIDString = 60548B68247DA33F0086EFE7;
			remoteInfo = RxDemo;
		};
/* End PBXContainerItemProxy section */

/* Begin PBXFileReference section */
		60548B69247DA33F0086EFE7 /* RxDemo.app */ = {isa = PBXFileReference; explicitFileType = wrapper.application; includeInIndex = 0; path = RxDemo.app; sourceTree = BUILT_PRODUCTS_DIR; };
		60548B6C247DA33F0086EFE7 /* AppDelegate.swift */ = {isa = PBXFileReference; lastKnownFileType = sourcecode.swift; path = AppDelegate.swift; sourceTree = "<group>"; };
		60548B70247DA33F0086EFE7 /* IOSSpartansViewController.swift */ = {isa = PBXFileReference; lastKnownFileType = sourcecode.swift; path = IOSSpartansViewController.swift; sourceTree = "<group>"; };
		60548B75247DA3400086EFE7 /* Assets.xcassets */ = {isa = PBXFileReference; lastKnownFileType = folder.assetcatalog; path = Assets.xcassets; sourceTree = "<group>"; };
		60548B78247DA3400086EFE7 /* Base */ = {isa = PBXFileReference; lastKnownFileType = file.storyboard; name = Base; path = Base.lproj/LaunchScreen.storyboard; sourceTree = "<group>"; };
		60548B7A247DA3400086EFE7 /* Info.plist */ = {isa = PBXFileReference; lastKnownFileType = text.plist.xml; path = Info.plist; sourceTree = "<group>"; };
		60548B7F247DA3400086EFE7 /* RxDemoTests.xctest */ = {isa = PBXFileReference; explicitFileType = wrapper.cfbundle; includeInIndex = 0; path = RxDemoTests.xctest; sourceTree = BUILT_PRODUCTS_DIR; };
		60548B83247DA3400086EFE7 /* RxDemoTests.swift */ = {isa = PBXFileReference; lastKnownFileType = sourcecode.swift; path = RxDemoTests.swift; sourceTree = "<group>"; };
		60548B85247DA3400086EFE7 /* Info.plist */ = {isa = PBXFileReference; lastKnownFileType = text.plist.xml; path = Info.plist; sourceTree = "<group>"; };
		60548B92247DAD5A0086EFE7 /* RxSwift.framework.dSYM */ = {isa = PBXFileReference; lastKnownFileType = wrapper.dsym; name = RxSwift.framework.dSYM; path = Carthage/Build/iOS/RxSwift.framework.dSYM; sourceTree = SOURCE_ROOT; };
		60548B93247DAD5A0086EFE7 /* RxCocoa.framework.dSYM */ = {isa = PBXFileReference; lastKnownFileType = wrapper.dsym; name = RxCocoa.framework.dSYM; path = Carthage/Build/iOS/RxCocoa.framework.dSYM; sourceTree = SOURCE_ROOT; };
		60548B97247DADF20086EFE7 /* Spartan.swift */ = {isa = PBXFileReference; lastKnownFileType = sourcecode.swift; path = Spartan.swift; sourceTree = "<group>"; };
		60548B9A247E9A150086EFE7 /* SpartansHelper.swift */ = {isa = PBXFileReference; lastKnownFileType = sourcecode.swift; path = SpartansHelper.swift; sourceTree = "<group>"; };
		60548B9C247E9DE60086EFE7 /* SpartansService.swift */ = {isa = PBXFileReference; lastKnownFileType = sourcecode.swift; path = SpartansService.swift; sourceTree = "<group>"; };
		60548B9F247EA0F60086EFE7 /* IOSSpartansModel.swift */ = {isa = PBXFileReference; lastKnownFileType = sourcecode.swift; path = IOSSpartansModel.swift; sourceTree = "<group>"; };
		60548BA1247EAF050086EFE7 /* IOSSpartansPresenter.swift */ = {isa = PBXFileReference; lastKnownFileType = sourcecode.swift; path = IOSSpartansPresenter.swift; sourceTree = "<group>"; };
		60548BA3247EAF5C0086EFE7 /* SpartansView.swift */ = {isa = PBXFileReference; lastKnownFileType = sourcecode.swift; path = SpartansView.swift; sourceTree = "<group>"; };
		60548BA5247EB8290086EFE7 /* AutoResizingTableView.swift */ = {isa = PBXFileReference; lastKnownFileType = sourcecode.swift; path = AutoResizingTableView.swift; sourceTree = "<group>"; };
		60548BA7247EB9300086EFE7 /* SpartanTableViewCell.swift */ = {isa = PBXFileReference; lastKnownFileType = sourcecode.swift; path = SpartanTableViewCell.swift; sourceTree = "<group>"; };
		60548BA9247EB9B50086EFE7 /* UITableViewCell+Utility.swift */ = {isa = PBXFileReference; lastKnownFileType = sourcecode.swift; path = "UITableViewCell+Utility.swift"; sourceTree = "<group>"; };
		60548BAB247EBCCD0086EFE7 /* Constants.swift */ = {isa = PBXFileReference; lastKnownFileType = sourcecode.swift; path = Constants.swift; sourceTree = "<group>"; };
		60548BAD247ECB8E0086EFE7 /* ErrorView.swift */ = {isa = PBXFileReference; lastKnownFileType = sourcecode.swift; path = ErrorView.swift; sourceTree = "<group>"; };
		60548BB2247EF5CF0086EFE7 /* AndroidSpartansViewController.swift */ = {isa = PBXFileReference; lastKnownFileType = sourcecode.swift; path = AndroidSpartansViewController.swift; sourceTree = "<group>"; };
		60548BB4247EF6130086EFE7 /* AndroidSpartansPresenter.swift */ = {isa = PBXFileReference; lastKnownFileType = sourcecode.swift; path = AndroidSpartansPresenter.swift; sourceTree = "<group>"; };
		60548BB6247EFA940086EFE7 /* SelectionViewController.swift */ = {isa = PBXFileReference; lastKnownFileType = sourcecode.swift; path = SelectionViewController.swift; sourceTree = "<group>"; };
		60548BB8247EFAFF0086EFE7 /* ConstraintHelpers.swift */ = {isa = PBXFileReference; lastKnownFileType = sourcecode.swift; path = ConstraintHelpers.swift; sourceTree = "<group>"; };
		60CC5E62247FEE920029AC63 /* SpartanDetailsView.swift */ = {isa = PBXFileReference; lastKnownFileType = sourcecode.swift; path = SpartanDetailsView.swift; sourceTree = "<group>"; };
		60CC5E64247FEEA40029AC63 /* SpartanDetailsViewController.swift */ = {isa = PBXFileReference; lastKnownFileType = sourcecode.swift; path = SpartanDetailsViewController.swift; sourceTree = "<group>"; };
		60CC5E68247FFAD50029AC63 /* AndroidSpartansModel.swift */ = {isa = PBXFileReference; lastKnownFileType = sourcecode.swift; path = AndroidSpartansModel.swift; sourceTree = "<group>"; };
/* End PBXFileReference section */

/* Begin PBXFrameworksBuildPhase section */
		60548B66247DA33F0086EFE7 /* Frameworks */ = {
			isa = PBXFrameworksBuildPhase;
			buildActionMask = 2147483647;
			files = (
			);
			runOnlyForDeploymentPostprocessing = 0;
		};
		60548B7C247DA3400086EFE7 /* Frameworks */ = {
			isa = PBXFrameworksBuildPhase;
			buildActionMask = 2147483647;
			files = (
			);
			runOnlyForDeploymentPostprocessing = 0;
		};
/* End PBXFrameworksBuildPhase section */

/* Begin PBXGroup section */
		60548B60247DA33E0086EFE7 = {
			isa = PBXGroup;
			children = (
				60548B6B247DA33F0086EFE7 /* RxDemo */,
				60548B91247DAD2C0086EFE7 /* Frameworks */,
				60548B82247DA3400086EFE7 /* RxDemoTests */,
				60548B6A247DA33F0086EFE7 /* Products */,
			);
			sourceTree = "<group>";
		};
		60548B6A247DA33F0086EFE7 /* Products */ = {
			isa = PBXGroup;
			children = (
				60548B69247DA33F0086EFE7 /* RxDemo.app */,
				60548B7F247DA3400086EFE7 /* RxDemoTests.xctest */,
			);
			name = Products;
			sourceTree = "<group>";
		};
		60548B6B247DA33F0086EFE7 /* RxDemo */ = {
			isa = PBXGroup;
			children = (
				60548BB1247EF5B20086EFE7 /* Android Version */,
				60548BB0247EF5A90086EFE7 /* iOS Version */,
				60548B96247DADE60086EFE7 /* Objects */,
				60548B99247E99510086EFE7 /* Helpers */,
				60548B9E247EA0D50086EFE7 /* SpartansList */,
				60CC5E61247FEE570029AC63 /* SpartanDetails */,
				60548B6C247DA33F0086EFE7 /* AppDelegate.swift */,
				60548B75247DA3400086EFE7 /* Assets.xcassets */,
				60548B7A247DA3400086EFE7 /* Info.plist */,
				60548B77247DA3400086EFE7 /* LaunchScreen.storyboard */,
				60548BB6247EFA940086EFE7 /* SelectionViewController.swift */,
			);
			path = RxDemo;
			sourceTree = "<group>";
		};
		60548B82247DA3400086EFE7 /* RxDemoTests */ = {
			isa = PBXGroup;
			children = (
				60548B83247DA3400086EFE7 /* RxDemoTests.swift */,
				60548B85247DA3400086EFE7 /* Info.plist */,
			);
			path = RxDemoTests;
			sourceTree = "<group>";
		};
		60548B91247DAD2C0086EFE7 /* Frameworks */ = {
			isa = PBXGroup;
			children = (
				60548B93247DAD5A0086EFE7 /* RxCocoa.framework.dSYM */,
				60548B92247DAD5A0086EFE7 /* RxSwift.framework.dSYM */,
			);
			path = Frameworks;
			sourceTree = "<group>";
		};
		60548B96247DADE60086EFE7 /* Objects */ = {
			isa = PBXGroup;
			children = (
				60548B97247DADF20086EFE7 /* Spartan.swift */,
			);
			path = Objects;
			sourceTree = "<group>";
		};
		60548B99247E99510086EFE7 /* Helpers */ = {
			isa = PBXGroup;
			children = (
				60548B9A247E9A150086EFE7 /* SpartansHelper.swift */,
				60548BA5247EB8290086EFE7 /* AutoResizingTableView.swift */,
				60548BA9247EB9B50086EFE7 /* UITableViewCell+Utility.swift */,
				60548BAB247EBCCD0086EFE7 /* Constants.swift */,
				60548BB8247EFAFF0086EFE7 /* ConstraintHelpers.swift */,
			);
			path = Helpers;
			sourceTree = "<group>";
		};
		60548B9E247EA0D50086EFE7 /* SpartansList */ = {
			isa = PBXGroup;
			children = (
				60548B9C247E9DE60086EFE7 /* SpartansService.swift */,
				60548B9F247EA0F60086EFE7 /* IOSSpartansModel.swift */,
				60548BA3247EAF5C0086EFE7 /* SpartansView.swift */,
				60548BA7247EB9300086EFE7 /* SpartanTableViewCell.swift */,
				60548BAD247ECB8E0086EFE7 /* ErrorView.swift */,
			);
			path = SpartansList;
			sourceTree = "<group>";
		};
		60548BB0247EF5A90086EFE7 /* iOS Version */ = {
			isa = PBXGroup;
			children = (
				60548B70247DA33F0086EFE7 /* IOSSpartansViewController.swift */,
				60548BA1247EAF050086EFE7 /* IOSSpartansPresenter.swift */,
			);
			path = "iOS Version";
			sourceTree = "<group>";
		};
		60548BB1247EF5B20086EFE7 /* Android Version */ = {
			isa = PBXGroup;
			children = (
				60548BB2247EF5CF0086EFE7 /* AndroidSpartansViewController.swift */,
				60548BB4247EF6130086EFE7 /* AndroidSpartansPresenter.swift */,
				60CC5E68247FFAD50029AC63 /* AndroidSpartansModel.swift */,
			);
			path = "Android Version";
			sourceTree = "<group>";
		};
		60CC5E61247FEE570029AC63 /* SpartanDetails */ = {
			isa = PBXGroup;
			children = (
				60CC5E62247FEE920029AC63 /* SpartanDetailsView.swift */,
				60CC5E64247FEEA40029AC63 /* SpartanDetailsViewController.swift */,
			);
			path = SpartanDetails;
			sourceTree = "<group>";
		};
/* End PBXGroup section */

/* Begin PBXNativeTarget section */
		60548B68247DA33F0086EFE7 /* RxDemo */ = {
			isa = PBXNativeTarget;
			buildConfigurationList = 60548B88247DA3400086EFE7 /* Build configuration list for PBXNativeTarget "RxDemo" */;
			buildPhases = (
				60548B65247DA33F0086EFE7 /* Sources */,
				60548B66247DA33F0086EFE7 /* Frameworks */,
				60548B67247DA33F0086EFE7 /* Resources */,
				60548B8F247DAC020086EFE7 /* Copy Carthage Frameworks */,
			);
			buildRules = (
			);
			dependencies = (
			);
			name = RxDemo;
			productName = RxDemo;
			productReference = 60548B69247DA33F0086EFE7 /* RxDemo.app */;
			productType = "com.apple.product-type.application";
		};
		60548B7E247DA3400086EFE7 /* RxDemoTests */ = {
			isa = PBXNativeTarget;
			buildConfigurationList = 60548B8B247DA3400086EFE7 /* Build configuration list for PBXNativeTarget "RxDemoTests" */;
			buildPhases = (
				60548B7B247DA3400086EFE7 /* Sources */,
				60548B7C247DA3400086EFE7 /* Frameworks */,
				60548B7D247DA3400086EFE7 /* Resources */,
				60548B90247DAC610086EFE7 /* Carthage Frameworks */,
			);
			buildRules = (
			);
			dependencies = (
				60548B81247DA3400086EFE7 /* PBXTargetDependency */,
			);
			name = RxDemoTests;
			productName = RxDemoTests;
			productReference = 60548B7F247DA3400086EFE7 /* RxDemoTests.xctest */;
			productType = "com.apple.product-type.bundle.unit-test";
		};
/* End PBXNativeTarget section */

/* Begin PBXProject section */
		60548B61247DA33E0086EFE7 /* Project object */ = {
			isa = PBXProject;
			attributes = {
				LastSwiftUpdateCheck = 1140;
				LastUpgradeCheck = 1140;
				ORGANIZATIONNAME = WWT;
				TargetAttributes = {
					60548B68247DA33F0086EFE7 = {
						CreatedOnToolsVersion = 11.4;
					};
					60548B7E247DA3400086EFE7 = {
						CreatedOnToolsVersion = 11.4;
						TestTargetID = 60548B68247DA33F0086EFE7;
					};
				};
			};
			buildConfigurationList = 60548B64247DA33F0086EFE7 /* Build configuration list for PBXProject "RxDemo" */;
			compatibilityVersion = "Xcode 9.3";
			developmentRegion = en;
			hasScannedForEncodings = 0;
			knownRegions = (
				en,
				Base,
			);
			mainGroup = 60548B60247DA33E0086EFE7;
			productRefGroup = 60548B6A247DA33F0086EFE7 /* Products */;
			projectDirPath = "";
			projectRoot = "";
			targets = (
				60548B68247DA33F0086EFE7 /* RxDemo */,
				60548B7E247DA3400086EFE7 /* RxDemoTests */,
			);
		};
/* End PBXProject section */

/* Begin PBXResourcesBuildPhase section */
		60548B67247DA33F0086EFE7 /* Resources */ = {
			isa = PBXResourcesBuildPhase;
			buildActionMask = 2147483647;
			files = (
				60548B95247DAD5A0086EFE7 /* RxCocoa.framework.dSYM in Resources */,
				60548B79247DA3400086EFE7 /* LaunchScreen.storyboard in Resources */,
				60548B76247DA3400086EFE7 /* Assets.xcassets in Resources */,
				60548B94247DAD5A0086EFE7 /* RxSwift.framework.dSYM in Resources */,
			);
			runOnlyForDeploymentPostprocessing = 0;
		};
		60548B7D247DA3400086EFE7 /* Resources */ = {
			isa = PBXResourcesBuildPhase;
			buildActionMask = 2147483647;
			files = (
			);
			runOnlyForDeploymentPostprocessing = 0;
		};
/* End PBXResourcesBuildPhase section */

/* Begin PBXShellScriptBuildPhase section */
		60548B8F247DAC020086EFE7 /* Copy Carthage Frameworks */ = {
			isa = PBXShellScriptBuildPhase;
			buildActionMask = 2147483647;
			files = (
			);
			inputFileListPaths = (
			);
			inputPaths = (
				"$(SRCROOT)/Carthage/Build/iOS/RxSwift.framework",
				"$(SRCROOT)/Carthage/Build/iOS/RxCocoa.framework",
				"$(SRCROOT)/Carthage/Build/iOS/RxRelay.framework",
			);
			name = "Copy Carthage Frameworks";
			outputFileListPaths = (
			);
			outputPaths = (
			);
			runOnlyForDeploymentPostprocessing = 0;
			shellPath = /bin/sh;
			shellScript = "/usr/local/bin/carthage copy-frameworks\n";
		};
		60548B90247DAC610086EFE7 /* Carthage Frameworks */ = {
			isa = PBXShellScriptBuildPhase;
			buildActionMask = 2147483647;
			files = (
			);
			inputFileListPaths = (
			);
			inputPaths = (
				"$(SRCROOT)/Carthage/Build/iOS/RxBlocking.framework",
				"$(SRCROOT)/Carthage/Build/iOS/RxTest.framework",
			);
			name = "Carthage Frameworks";
			outputFileListPaths = (
			);
			outputPaths = (
			);
			runOnlyForDeploymentPostprocessing = 0;
			shellPath = /bin/sh;
			shellScript = "/usr/local/bin/carthage copy-frameworks\n";
		};
/* End PBXShellScriptBuildPhase section */

/* Begin PBXSourcesBuildPhase section */
		60548B65247DA33F0086EFE7 /* Sources */ = {
			isa = PBXSourcesBuildPhase;
			buildActionMask = 2147483647;
			files = (
				60548B71247DA33F0086EFE7 /* IOSSpartansViewController.swift in Sources */,
				60548BB9247EFAFF0086EFE7 /* ConstraintHelpers.swift in Sources */,
				60548B98247DADF20086EFE7 /* Spartan.swift in Sources */,
				60CC5E69247FFAD50029AC63 /* AndroidSpartansModel.swift in Sources */,
				60548B6D247DA33F0086EFE7 /* AppDelegate.swift in Sources */,
				60548BA0247EA0F60086EFE7 /* IOSSpartansModel.swift in Sources */,
				60548BB5247EF6130086EFE7 /* AndroidSpartansPresenter.swift in Sources */,
				60548BA4247EAF5C0086EFE7 /* SpartansView.swift in Sources */,
				60548BB7247EFA940086EFE7 /* SelectionViewController.swift in Sources */,
				60548BA8247EB9300086EFE7 /* SpartanTableViewCell.swift in Sources */,
				60548B9D247E9DE60086EFE7 /* SpartansService.swift in Sources */,
				60548BA6247EB8290086EFE7 /* AutoResizingTableView.swift in Sources */,
				60CC5E65247FEEA40029AC63 /* SpartanDetailsViewController.swift in Sources */,
				60548BA2247EAF050086EFE7 /* IOSSpartansPresenter.swift in Sources */,
				60548BAA247EB9B50086EFE7 /* UITableViewCell+Utility.swift in Sources */,
				60CC5E63247FEE920029AC63 /* SpartanDetailsView.swift in Sources */,
				60548B9B247E9A150086EFE7 /* SpartansHelper.swift in Sources */,
				60548BB3247EF5CF0086EFE7 /* AndroidSpartansViewController.swift in Sources */,
				60548BAE247ECB8E0086EFE7 /* ErrorView.swift in Sources */,
				60548BAC247EBCCD0086EFE7 /* Constants.swift in Sources */,
			);
			runOnlyForDeploymentPostprocessing = 0;
		};
		60548B7B247DA3400086EFE7 /* Sources */ = {
			isa = PBXSourcesBuildPhase;
			buildActionMask = 2147483647;
			files = (
				60548B84247DA3400086EFE7 /* RxDemoTests.swift in Sources */,
			);
			runOnlyForDeploymentPostprocessing = 0;
		};
/* End PBXSourcesBuildPhase section */

/* Begin PBXTargetDependency section */
		60548B81247DA3400086EFE7 /* PBXTargetDependency */ = {
			isa = PBXTargetDependency;
			target = 60548B68247DA33F0086EFE7 /* RxDemo */;
			targetProxy = 60548B80247DA3400086EFE7 /* PBXContainerItemProxy */;
		};
/* End PBXTargetDependency section */

/* Begin PBXVariantGroup section */
		60548B77247DA3400086EFE7 /* LaunchScreen.storyboard */ = {
			isa = PBXVariantGroup;
			children = (
				60548B78247DA3400086EFE7 /* Base */,
			);
			name = LaunchScreen.storyboard;
			sourceTree = "<group>";
		};
/* End PBXVariantGroup section */

/* Begin XCBuildConfiguration section */
		60548B86247DA3400086EFE7 /* Debug */ = {
			isa = XCBuildConfiguration;
			buildSettings = {
				ALWAYS_SEARCH_USER_PATHS = NO;
				CLANG_ANALYZER_NONNULL = YES;
				CLANG_ANALYZER_NUMBER_OBJECT_CONVERSION = YES_AGGRESSIVE;
				CLANG_CXX_LANGUAGE_STANDARD = "gnu++14";
				CLANG_CXX_LIBRARY = "libc++";
				CLANG_ENABLE_MODULES = YES;
				CLANG_ENABLE_OBJC_ARC = YES;
				CLANG_ENABLE_OBJC_WEAK = YES;
				CLANG_WARN_BLOCK_CAPTURE_AUTORELEASING = YES;
				CLANG_WARN_BOOL_CONVERSION = YES;
				CLANG_WARN_COMMA = YES;
				CLANG_WARN_CONSTANT_CONVERSION = YES;
				CLANG_WARN_DEPRECATED_OBJC_IMPLEMENTATIONS = YES;
				CLANG_WARN_DIRECT_OBJC_ISA_USAGE = YES_ERROR;
				CLANG_WARN_DOCUMENTATION_COMMENTS = YES;
				CLANG_WARN_EMPTY_BODY = YES;
				CLANG_WARN_ENUM_CONVERSION = YES;
				CLANG_WARN_INFINITE_RECURSION = YES;
				CLANG_WARN_INT_CONVERSION = YES;
				CLANG_WARN_NON_LITERAL_NULL_CONVERSION = YES;
				CLANG_WARN_OBJC_IMPLICIT_RETAIN_SELF = YES;
				CLANG_WARN_OBJC_LITERAL_CONVERSION = YES;
				CLANG_WARN_OBJC_ROOT_CLASS = YES_ERROR;
				CLANG_WARN_RANGE_LOOP_ANALYSIS = YES;
				CLANG_WARN_STRICT_PROTOTYPES = YES;
				CLANG_WARN_SUSPICIOUS_MOVE = YES;
				CLANG_WARN_UNGUARDED_AVAILABILITY = YES_AGGRESSIVE;
				CLANG_WARN_UNREACHABLE_CODE = YES;
				CLANG_WARN__DUPLICATE_METHOD_MATCH = YES;
				COPY_PHASE_STRIP = NO;
				DEBUG_INFORMATION_FORMAT = dwarf;
				ENABLE_STRICT_OBJC_MSGSEND = YES;
				ENABLE_TESTABILITY = YES;
				FRAMEWORK_SEARCH_PATHS = "$(PROJECT_DIR)/Carthage/Build/iOS";
				GCC_C_LANGUAGE_STANDARD = gnu11;
				GCC_DYNAMIC_NO_PIC = NO;
				GCC_NO_COMMON_BLOCKS = YES;
				GCC_OPTIMIZATION_LEVEL = 0;
				GCC_PREPROCESSOR_DEFINITIONS = (
					"DEBUG=1",
					"$(inherited)",
				);
				GCC_WARN_64_TO_32_BIT_CONVERSION = YES;
				GCC_WARN_ABOUT_RETURN_TYPE = YES_ERROR;
				GCC_WARN_UNDECLARED_SELECTOR = YES;
				GCC_WARN_UNINITIALIZED_AUTOS = YES_AGGRESSIVE;
				GCC_WARN_UNUSED_FUNCTION = YES;
				GCC_WARN_UNUSED_VARIABLE = YES;
				IPHONEOS_DEPLOYMENT_TARGET = 13.4;
				MTL_ENABLE_DEBUG_INFO = INCLUDE_SOURCE;
				MTL_FAST_MATH = YES;
				ONLY_ACTIVE_ARCH = YES;
				SDKROOT = iphoneos;
				SWIFT_ACTIVE_COMPILATION_CONDITIONS = DEBUG;
				SWIFT_OPTIMIZATION_LEVEL = "-Onone";
			};
			name = Debug;
		};
		60548B87247DA3400086EFE7 /* Release */ = {
			isa = XCBuildConfiguration;
			buildSettings = {
				ALWAYS_SEARCH_USER_PATHS = NO;
				CLANG_ANALYZER_NONNULL = YES;
				CLANG_ANALYZER_NUMBER_OBJECT_CONVERSION = YES_AGGRESSIVE;
				CLANG_CXX_LANGUAGE_STANDARD = "gnu++14";
				CLANG_CXX_LIBRARY = "libc++";
				CLANG_ENABLE_MODULES = YES;
				CLANG_ENABLE_OBJC_ARC = YES;
				CLANG_ENABLE_OBJC_WEAK = YES;
				CLANG_WARN_BLOCK_CAPTURE_AUTORELEASING = YES;
				CLANG_WARN_BOOL_CONVERSION = YES;
				CLANG_WARN_COMMA = YES;
				CLANG_WARN_CONSTANT_CONVERSION = YES;
				CLANG_WARN_DEPRECATED_OBJC_IMPLEMENTATIONS = YES;
				CLANG_WARN_DIRECT_OBJC_ISA_USAGE = YES_ERROR;
				CLANG_WARN_DOCUMENTATION_COMMENTS = YES;
				CLANG_WARN_EMPTY_BODY = YES;
				CLANG_WARN_ENUM_CONVERSION = YES;
				CLANG_WARN_INFINITE_RECURSION = YES;
				CLANG_WARN_INT_CONVERSION = YES;
				CLANG_WARN_NON_LITERAL_NULL_CONVERSION = YES;
				CLANG_WARN_OBJC_IMPLICIT_RETAIN_SELF = YES;
				CLANG_WARN_OBJC_LITERAL_CONVERSION = YES;
				CLANG_WARN_OBJC_ROOT_CLASS = YES_ERROR;
				CLANG_WARN_RANGE_LOOP_ANALYSIS = YES;
				CLANG_WARN_STRICT_PROTOTYPES = YES;
				CLANG_WARN_SUSPICIOUS_MOVE = YES;
				CLANG_WARN_UNGUARDED_AVAILABILITY = YES_AGGRESSIVE;
				CLANG_WARN_UNREACHABLE_CODE = YES;
				CLANG_WARN__DUPLICATE_METHOD_MATCH = YES;
				COPY_PHASE_STRIP = NO;
				DEBUG_INFORMATION_FORMAT = "dwarf-with-dsym";
				ENABLE_NS_ASSERTIONS = NO;
				ENABLE_STRICT_OBJC_MSGSEND = YES;
				FRAMEWORK_SEARCH_PATHS = "$(PROJECT_DIR)/Carthage/Build/iOS";
				GCC_C_LANGUAGE_STANDARD = gnu11;
				GCC_NO_COMMON_BLOCKS = YES;
				GCC_WARN_64_TO_32_BIT_CONVERSION = YES;
				GCC_WARN_ABOUT_RETURN_TYPE = YES_ERROR;
				GCC_WARN_UNDECLARED_SELECTOR = YES;
				GCC_WARN_UNINITIALIZED_AUTOS = YES_AGGRESSIVE;
				GCC_WARN_UNUSED_FUNCTION = YES;
				GCC_WARN_UNUSED_VARIABLE = YES;
				IPHONEOS_DEPLOYMENT_TARGET = 13.4;
				MTL_ENABLE_DEBUG_INFO = NO;
				MTL_FAST_MATH = YES;
				SDKROOT = iphoneos;
				SWIFT_COMPILATION_MODE = wholemodule;
				SWIFT_OPTIMIZATION_LEVEL = "-O";
				VALIDATE_PRODUCT = YES;
			};
			name = Release;
		};
		60548B89247DA3400086EFE7 /* Debug */ = {
			isa = XCBuildConfiguration;
			buildSettings = {
				ASSETCATALOG_COMPILER_APPICON_NAME = AppIcon;
				CODE_SIGN_STYLE = Automatic;
				DEVELOPMENT_TEAM = MENF5HC86G;
				FRAMEWORK_SEARCH_PATHS = (
					"$(inherited)",
					"$(PROJECT_DIR)",
				);
				INFOPLIST_FILE = RxDemo/Info.plist;
				LD_RUNPATH_SEARCH_PATHS = (
					"$(inherited)",
					"@executable_path/Frameworks",
				);
				PRODUCT_BUNDLE_IDENTIFIER = wwt.com.RxDemo;
				PRODUCT_NAME = "$(TARGET_NAME)";
				SWIFT_VERSION = 5.0;
				TARGETED_DEVICE_FAMILY = 1;
			};
			name = Debug;
		};
		60548B8A247DA3400086EFE7 /* Release */ = {
			isa = XCBuildConfiguration;
			buildSettings = {
				ASSETCATALOG_COMPILER_APPICON_NAME = AppIcon;
				CODE_SIGN_STYLE = Automatic;
				DEVELOPMENT_TEAM = MENF5HC86G;
				FRAMEWORK_SEARCH_PATHS = (
					"$(inherited)",
					"$(PROJECT_DIR)",
				);
				INFOPLIST_FILE = RxDemo/Info.plist;
				LD_RUNPATH_SEARCH_PATHS = (
					"$(inherited)",
					"@executable_path/Frameworks",
				);
				PRODUCT_BUNDLE_IDENTIFIER = wwt.com.RxDemo;
				PRODUCT_NAME = "$(TARGET_NAME)";
				SWIFT_VERSION = 5.0;
				TARGETED_DEVICE_FAMILY = 1;
			};
			name = Release;
		};
		60548B8C247DA3400086EFE7 /* Debug */ = {
			isa = XCBuildConfiguration;
			buildSettings = {
				ALWAYS_EMBED_SWIFT_STANDARD_LIBRARIES = YES;
				BUNDLE_LOADER = "$(TEST_HOST)";
				CODE_SIGN_STYLE = Automatic;
				DEVELOPMENT_TEAM = MENF5HC86G;
				FRAMEWORK_SEARCH_PATHS = "$(PROJECT_DIR)/Carthage/Build/iOS";
				INFOPLIST_FILE = RxDemoTests/Info.plist;
				IPHONEOS_DEPLOYMENT_TARGET = 13.4;
				LD_RUNPATH_SEARCH_PATHS = (
					"$(inherited)",
					"@executable_path/Frameworks",
					"@loader_path/Frameworks",
				);
				PRODUCT_BUNDLE_IDENTIFIER = wwt.com.RxDemoTests;
				PRODUCT_NAME = "$(TARGET_NAME)";
				SWIFT_VERSION = 5.0;
				TARGETED_DEVICE_FAMILY = "1,2";
				TEST_HOST = "$(BUILT_PRODUCTS_DIR)/RxDemo.app/RxDemo";
			};
			name = Debug;
		};
		60548B8D247DA3400086EFE7 /* Release */ = {
			isa = XCBuildConfiguration;
			buildSettings = {
				ALWAYS_EMBED_SWIFT_STANDARD_LIBRARIES = YES;
				BUNDLE_LOADER = "$(TEST_HOST)";
				CODE_SIGN_STYLE = Automatic;
				DEVELOPMENT_TEAM = MENF5HC86G;
				FRAMEWORK_SEARCH_PATHS = "$(PROJECT_DIR)/Carthage/Build/iOS";
				INFOPLIST_FILE = RxDemoTests/Info.plist;
				IPHONEOS_DEPLOYMENT_TARGET = 13.4;
				LD_RUNPATH_SEARCH_PATHS = (
					"$(inherited)",
					"@executable_path/Frameworks",
					"@loader_path/Frameworks",
				);
				PRODUCT_BUNDLE_IDENTIFIER = wwt.com.RxDemoTests;
				PRODUCT_NAME = "$(TARGET_NAME)";
				SWIFT_VERSION = 5.0;
				TARGETED_DEVICE_FAMILY = "1,2";
				TEST_HOST = "$(BUILT_PRODUCTS_DIR)/RxDemo.app/RxDemo";
			};
			name = Release;
		};
/* End XCBuildConfiguration section */

/* Begin XCConfigurationList section */
		60548B64247DA33F0086EFE7 /* Build configuration list for PBXProject "RxDemo" */ = {
			isa = XCConfigurationList;
			buildConfigurations = (
				60548B86247DA3400086EFE7 /* Debug */,
				60548B87247DA3400086EFE7 /* Release */,
			);
			defaultConfigurationIsVisible = 0;
			defaultConfigurationName = Release;
		};
		60548B88247DA3400086EFE7 /* Build configuration list for PBXNativeTarget "RxDemo" */ = {
			isa = XCConfigurationList;
			buildConfigurations = (
				60548B89247DA3400086EFE7 /* Debug */,
				60548B8A247DA3400086EFE7 /* Release */,
			);
			defaultConfigurationIsVisible = 0;
			defaultConfigurationName = Release;
		};
		60548B8B247DA3400086EFE7 /* Build configuration list for PBXNativeTarget "RxDemoTests" */ = {
			isa = XCConfigurationList;
			buildConfigurations = (
				60548B8C247DA3400086EFE7 /* Debug */,
				60548B8D247DA3400086EFE7 /* Release */,
			);
			defaultConfigurationIsVisible = 0;
			defaultConfigurationName = Release;
		};
/* End XCConfigurationList section */
	};
	rootObject = 60548B61247DA33E0086EFE7 /* Project object */;
}
